
Microsoft Visual Studio Solution File, Format Version 12.00
# Visual Studio Version 17
VisualStudioVersion = 17.4.33213.308
MinimumVisualStudioVersion = 10.0.40219.1
Project("{FAE04EC0-301F-11D3-BF4B-00C04F79EFBC}") = "Deliverable(2)", "Deliverable(2)\Deliverable(2).csproj", "{48B5474A-C594-4E89-80E9-DA4FF4E05F76}"
EndProject
Global
	GlobalSection(SolutionConfigurationPlatforms) = preSolution
		Debug|Any CPU = Debug|Any CPU
		Release|Any CPU = Release|Any CPU
	EndGlobalSection
	GlobalSection(ProjectConfigurationPlatforms) = postSolution
		{48B5474A-C594-4E89-80E9-DA4FF4E05F76}.Debug|Any CPU.ActiveCfg = Debug|Any CPU
		{48B5474A-C594-4E89-80E9-DA4FF4E05F76}.Debug|Any CPU.Build.0 = Debug|Any CPU
		{48B5474A-C594-4E89-80E9-DA4FF4E05F76}.Release|Any CPU.ActiveCfg = Release|Any CPU
		{48B5474A-C594-4E89-80E9-DA4FF4E05F76}.Release|Any CPU.Build.0 = Release|Any CPU
	EndGlobalSection
	GlobalSection(SolutionProperties) = preSolution
		HideSolutionNode = FALSE
	EndGlobalSection
	GlobalSection(ExtensibilityGlobals) = postSolution
		SolutionGuid = {D0856792-17D8-4D85-BA31-E9844799E90F}
	EndGlobalSection
EndGlobal
